{
  "name": "rbxts-object-to-tree",
  "version": "0.0.1",
  "lockfileVersion": 1,
  "requires": true,
  "dependencies": {
    "@rbxts/make": {
      "version": "1.0.1",
      "resolved": "https://registry.npmjs.org/@rbxts/make/-/make-1.0.1.tgz",
      "integrity": "sha512-QuDqgow5KIwv4YkBDgB7gilE0ulxk69ISlXWPaLbOOII83zYVaOkO5qDnfbgKrOzJ4ijBdMNEwPB+P/WuuvLRQ==",
      "requires": {
        "@rbxts/types": "^1.0.209"
      }
    },
    "@rbxts/services": {
      "version": "1.0.23",
      "resolved": "https://registry.npmjs.org/@rbxts/services/-/services-1.0.23.tgz",
      "integrity": "sha512-grU2H1biLVmjCxhF8KYmpUUDTvowjf/99HS5r8NCsFb8q/MqN80kYYX0gXncYYYfYNGHLbzm8cWwVhb7UyXPHg=="
    },
    "@rbxts/types": {
      "version": "1.0.226",
      "resolved": "https://registry.npmjs.org/@rbxts/types/-/types-1.0.226.tgz",
      "integrity": "sha512-CnbDATptDpxOvlUup0vPxlWXPJdRIOHpn/Nb7fZcHbJHuThoQor/e4ZyWy2tPw25D6MBFy7jxknbArkuGq1xkg=="
    }
  }
}
